
Microsoft Visual Studio Solution File, Format Version 12.00
# Visual Studio Express 2012 for Web
Project("{FAE04EC0-301F-11D3-BF4B-00C04F79EFBC}") = "MdaToolkit", "MdaToolkit\MdaToolkit.csproj", "{9C037A45-CD04-4A12-BCE6-F41FC309BDAF}"
EndProject
Project("{FAE04EC0-301F-11D3-BF4B-00C04F79EFBC}") = "ClientTest", "ClientTest\ClientTest.csproj", "{2A21972A-DF1A-497D-85B5-8A275B12ABA5}"
EndProject
Global
	GlobalSection(SolutionConfigurationPlatforms) = preSolution
		Debug|Any CPU = Debug|Any CPU
		Release|Any CPU = Release|Any CPU
	EndGlobalSection
	GlobalSection(ProjectConfigurationPlatforms) = postSolution
		{9C037A45-CD04-4A12-BCE6-F41FC309BDAF}.Debug|Any CPU.ActiveCfg = Debug|Any CPU
		{9C037A45-CD04-4A12-BCE6-F41FC309BDAF}.Debug|Any CPU.Build.0 = Debug|Any CPU
		{9C037A45-CD04-4A12-BCE6-F41FC309BDAF}.Release|Any CPU.ActiveCfg = Release|Any CPU
		{9C037A45-CD04-4A12-BCE6-F41FC309BDAF}.Release|Any CPU.Build.0 = Release|Any CPU
		{2A21972A-DF1A-497D-85B5-8A275B12ABA5}.Debug|Any CPU.ActiveCfg = Debug|Any CPU
		{2A21972A-DF1A-497D-85B5-8A275B12ABA5}.Debug|Any CPU.Build.0 = Debug|Any CPU
		{2A21972A-DF1A-497D-85B5-8A275B12ABA5}.Release|Any CPU.ActiveCfg = Release|Any CPU
		{2A21972A-DF1A-497D-85B5-8A275B12ABA5}.Release|Any CPU.Build.0 = Release|Any CPU
	EndGlobalSection
	GlobalSection(SolutionProperties) = preSolution
		HideSolutionNode = FALSE
	EndGlobalSection
EndGlobal
